# This file is autogenerated, do not edit; changes may be undone by the next 'dep ensure'.


[[projects]]
  branch = "master"
  digest = "1:8fa55a6e302771a90a86ceae1ca3c0df4ef15d21092198e8313f61dde9eea963"
  name = "github.com/Yawning/chacha20"
  packages = ["."]
  pruneopts = "UT"
  revision = "e3b1f968fc6397b51d963fee8ec8711a47bc0ce8"

[[projects]]
  digest = "1:ec6f9bf5e274c833c911923c9193867f3f18788c461f76f05f62bb1510e0ae65"
  name = "github.com/go-sql-driver/mysql"
  packages = ["."]
  pruneopts = "UT"
  revision = "72cd26f257d44c1114970e19afddcd812016007e"
  version = "v1.4.1"

[[projects]]
  digest = "1:d4e6e8584d0a94ce567d237e19192dae44d57d2767ac7e1d7fbf5626d176381a"
  name = "github.com/jinzhu/gorm"
  packages = ["."]
  pruneopts = "UT"
  revision = "472c70caa40267cb89fd8facb07fe6454b578626"
  version = "v1.9.2"

[[projects]]
  branch = "master"
  digest = "1:fd97437fbb6b7dce04132cf06775bd258cce305c44add58eb55ca86c6c325160"
  name = "github.com/jinzhu/inflection"
  packages = ["."]
  pruneopts = "UT"
  revision = "04140366298a54a039076d798123ffa108fff46c"

[[projects]]
  digest = "1:2d643962fac133904694fffa959bc3c5dcfdcee38c6f5ffdd99a3c93eb9c835c"
  name = "github.com/klauspost/cpuid"
  packages = ["."]
  pruneopts = "UT"
  revision = "e7e905edc00ea8827e58662220139109efea09db"
  version = "v1.2.0"

[[projects]]
  digest = "1:ab87b43000fa5fa39a5366836a8e45c56238f16d56c7ae48b0c7b3e2ce10c659"
  name = "github.com/klauspost/reedsolomon"
  packages = ["."]
  pruneopts = "UT"
  revision = "8885f3a1c73882e6f11b766242c69a1eb8f44b28"
  version = "v1.8.0"

[[projects]]
  digest = "1:40e195917a951a8bf867cd05de2a46aaf1806c50cf92eebf4c16f78cd196f747"
  name = "github.com/pkg/errors"
  packages = ["."]
  pruneopts = "UT"
  revision = "645ef00459ed84a119197bfb8d8205042c6df63d"
  version = "v0.8.0"

[[projects]]
  digest = "1:3dba5027a0c87d4eccdc3b2444090d36ad6b0f5a42c74db234c80ec7c83413fd"
  name = "github.com/shadowsocks/vnet"
  packages = ["socks"]
  pruneopts = "UT"
  revision = "8f3c47fc33218e7f547bd95e90269a30f7cbbed7"
  version = "v0.0.11"

[[projects]]
  branch = "master"
  digest = "1:f10bb2efe706eea8e386fa5021281e302a58e8fa0ba9f2e31ad9ca2cb234b282"
  name = "github.com/templexxx/cpufeat"
  packages = ["."]
  pruneopts = "UT"
  revision = "cef66df7f161dee20f4d650da7268d77eaaec82d"

[[projects]]
  digest = "1:a0a269bea865974fc4d583373c984a5aa60cf98b5aa4f3e1b5de527891d37845"
  name = "github.com/templexxx/xor"
  packages = ["."]
  pruneopts = "UT"
  revision = "0af8e873c554da75f37f2049cdffda804533d44c"
  version = "0.1.2"

[[projects]]
  digest = "1:97293f3bd0b9f81484da18dba66a20de340307b43835a91157aaaee484c80e9b"
  name = "github.com/tjfoc/gmsm"
  packages = ["sm4"]
  pruneopts = "UT"
  revision = "98aa888b79d8de04afe0fccf45ed10594efc858b"
  version = "v1.1"

[[projects]]
  branch = "master"
  digest = "1:b28fb57f1a8a3705003ab6a9ffd4f12e44e3e77b9052b94b71cc60f74222f550"
  name = "golang.org/x/crypto"
  packages = [
    "blowfish",
    "cast5",
    "chacha20poly1305",
    "hkdf",
    "internal/chacha20",
    "internal/subtle",
    "pbkdf2",
    "poly1305",
    "salsa20",
    "salsa20/salsa",
    "tea",
    "twofish",
    "xtea",
  ]
  pruneopts = "UT"
  revision = "505ab145d0a99da450461ae2c1a9f6cd10d1f447"

[[projects]]
  branch = "master"
  digest = "1:1cea5c02079247fde34247c1a1b97ff8e450d0869bb712414a90703eb31fb354"
  name = "golang.org/x/net"
  packages = [
    "bpf",
    "internal/iana",
    "internal/socket",
    "ipv4",
  ]
  pruneopts = "UT"
  revision = "927f97764cc334a6575f4b7a1584a147864d5723"

[[projects]]
  branch = "master"
  digest = "1:c19ae27d30b61c60cd23366dd6fd0ae953026ac5e71976ff4870af6b6f58b832"
  name = "golang.org/x/sys"
  packages = ["cpu"]
  pruneopts = "UT"
  revision = "9a3f9b0469bbc6b8802087ae5c0af9f61502de01"

[[projects]]
  digest = "1:c25289f43ac4a68d88b02245742347c94f1e108c534dda442188015ff80669b3"
  name = "google.golang.org/appengine"
  packages = ["cloudsql"]
  pruneopts = "UT"
  revision = "e9657d882bb81064595ca3b56cbe2546bbabf7b1"
  version = "v1.4.0"

[solve-meta]
  analyzer-name = "dep"
  analyzer-version = 1
  input-imports = [
    "github.com/Yawning/chacha20",
    "github.com/go-sql-driver/mysql",
    "github.com/jinzhu/gorm",
    "github.com/klauspost/reedsolomon",
    "github.com/pkg/errors",
    "github.com/shadowsocks/vnet/socks",
    "github.com/templexxx/xor",
    "github.com/tjfoc/gmsm/sm4",
    "golang.org/x/crypto/blowfish",
    "golang.org/x/crypto/cast5",
    "golang.org/x/crypto/chacha20poly1305",
    "golang.org/x/crypto/hkdf",
    "golang.org/x/crypto/pbkdf2",
    "golang.org/x/crypto/salsa20",
    "golang.org/x/crypto/salsa20/salsa",
    "golang.org/x/crypto/tea",
    "golang.org/x/crypto/twofish",
    "golang.org/x/crypto/xtea",
    "golang.org/x/net/ipv4",
  ]
  solver-name = "gps-cdcl"
  solver-version = 1
